{
  "name": "signer",
  "version": "0.0.1",
  "lockfileVersion": 2,
  "requires": true,
  "packages": {
    "": {
      "name": "signer",
      "version": "0.0.1",
      "license": "ISC",
      "dependencies": {
        "@peculiar/x509": "^1.6.0",
        "got": "^12.5.3",
        "jose": "^4.3.5",
        "yargs": "^17.2.1"
      }
    },
    "node_modules/@peculiar/asn1-cms": {
      "version": "2.0.44",
      "resolved": "https://registry.npmjs.org/@peculiar/asn1-cms/-/asn1-cms-2.0.44.tgz",
      "integrity": "sha512-CzjCz8VZqG2jqRI/4YKCk3D9WS8V9cezt0tftWT5zmYxeZvAWOmtInj013zSooHEn1Oi65rzdDZ1m+wgascmiw==",
      "dependencies": {
        "@peculiar/asn1-schema": "^2.0.44",
        "@peculiar/asn1-x509": "^2.0.44",
        "@peculiar/asn1-x509-attr": "^2.0.44",
        "asn1js": "^2.1.1",
        "tslib": "^2.3.0"
      }
    },
    "node_modules/@peculiar/asn1-csr": {
      "version": "2.0.44",
      "resolved": "https://registry.npmjs.org/@peculiar/asn1-csr/-/asn1-csr-2.0.44.tgz",
      "integrity": "sha512-9FG9ySzLyYIlk/W3o/mpE+ukn/XMokv+BysqyhNGifUet362slp+uF4XliKGLt53TO53uYCsQimVyTK4vwe/yg==",
      "dependencies": {
        "@peculiar/asn1-schema": "^2.0.44",
        "@peculiar/asn1-x509": "^2.0.44",
        "asn1js": "^2.1.1",
        "tslib": "^2.3.0"
      }
    },
    "node_modules/@peculiar/asn1-ecc": {
      "version": "2.0.44",
      "resolved": "https://registry.npmjs.org/@peculiar/asn1-ecc/-/asn1-ecc-2.0.44.tgz",
      "integrity": "sha512-GvfifE5xCZjEz9EsOl9gqTVgex9m7ATLloTaSE3Go+iG8bc7C/VDK8lOnFb3/UsCqfI46Gwh4Q3RQCP2JB3GDQ==",
      "dependencies": {
        "@peculiar/asn1-schema": "^2.0.44",
        "@peculiar/asn1-x509": "^2.0.44",
        "asn1js": "^2.1.1",
        "tslib": "^2.3.0"
      }
    },
    "node_modules/@peculiar/asn1-pfx": {
      "version": "2.0.44",
      "resolved": "https://registry.npmjs.org/@peculiar/asn1-pfx/-/asn1-pfx-2.0.44.tgz",
      "integrity": "sha512-rVsGoZWMtensS9+AEtU97cImHXEu+Oi6K31/EzzzdqfUx/aF49RYCVKOyuCjUg5cwIOE93WsNm0hQFYB2pYwVQ==",
      "dependencies": {
        "@peculiar/asn1-cms": "^2.0.44",
        "@peculiar/asn1-pkcs8": "^2.0.44",
        "@peculiar/asn1-rsa": "^2.0.44",
        "@peculiar/asn1-schema": "^2.0.44",
        "asn1js": "^2.1.1",
        "tslib": "^2.3.0"
      }
    },
    "node_modules/@peculiar/asn1-pkcs8": {
      "version": "2.0.44",
      "resolved": "https://registry.npmjs.org/@peculiar/asn1-pkcs8/-/asn1-pkcs8-2.0.44.tgz",
      "integrity": "sha512-cs/zGEv/6Jxx14tZ6NS82PNJFMCb4aFOiAFzv+I1I1ud7o5wyDGOOAIiIs4vI+Z6xtkoSyF+hWH51kRutdFV4A==",
      "dependencies": {
        "@peculiar/asn1-schema": "^2.0.44",
        "@peculiar/asn1-x509": "^2.0.44",
        "asn1js": "^2.1.1",
        "tslib": "^2.3.0"
      }
    },
    "node_modules/@peculiar/asn1-pkcs9": {
      "version": "2.0.44",
      "resolved": "https://registry.npmjs.org/@peculiar/asn1-pkcs9/-/asn1-pkcs9-2.0.44.tgz",
      "integrity": "sha512-b54VRWsM5NdIOlSuBbfBeximwVQIHcUoUdx10mHM6QuvZlXKciVP/nkerxg0ytQzC5BvPbohfYuiq46gYCPZSA==",
      "dependencies": {
        "@peculiar/asn1-cms": "^2.0.44",
        "@peculiar/asn1-pfx": "^2.0.44",
        "@peculiar/asn1-pkcs8": "^2.0.44",
        "@peculiar/asn1-schema": "^2.0.44",
        "@peculiar/asn1-x509": "^2.0.44",
        "@peculiar/asn1-x509-attr": "^2.0.44",
        "asn1js": "^2.1.1",
        "tslib": "^2.3.0"
      }
    },
    "node_modules/@peculiar/asn1-rsa": {
      "version": "2.0.44",
      "resolved": "https://registry.npmjs.org/@peculiar/asn1-rsa/-/asn1-rsa-2.0.44.tgz",
      "integrity": "sha512-DYfo33Yl3y4Bu8V0RrAhKBZJDy1ESEGQzKVl7DxCUJna164/U/JB767W9ze0Vlq7quTawUJLMX3RRfesEFGigA==",
      "dependencies": {
        "@peculiar/asn1-schema": "^2.0.44",
        "@peculiar/asn1-x509": "^2.0.44",
        "asn1js": "^2.1.1",
        "tslib": "^2.3.0"
      }
    },
    "node_modules/@peculiar/asn1-schema": {
      "version": "2.0.44",
      "resolved": "https://registry.npmjs.org/@peculiar/asn1-schema/-/asn1-schema-2.0.44.tgz",
      "integrity": "sha512-uaCnjQ9A9WwQSMuDJcNOCYEPXTahgKbFMvI7eMOMd8lXgx0J1eU7F3BoMsK5PFxa3dVUxjSQbaOjfgGoeHGgoQ==",
      "dependencies": {
        "@types/asn1js": "^2.0.2",
        "asn1js": "^2.1.1",
        "pvtsutils": "^1.2.1",
        "tslib": "^2.3.0"
      }
    },
    "node_modules/@peculiar/asn1-x509": {
      "version": "2.0.44",
      "resolved": "https://registry.npmjs.org/@peculiar/asn1-x509/-/asn1-x509-2.0.44.tgz",
      "integrity": "sha512-jKGy+7Ew1PADjzInblBaQWVdh9kTiy49lkTko/MiYg5lHyCi/N9xPtQCuincpY1UeNPwXaeoT2DXRJOuN6U/8A==",
      "dependencies": {
        "@peculiar/asn1-schema": "^2.0.44",
        "asn1js": "^2.1.1",
        "ipaddr.js": "^2.0.1",
        "pvtsutils": "^1.2.1",
        "tslib": "^2.3.0"
      }
    },
    "node_modules/@peculiar/asn1-x509-attr": {
      "version": "2.0.44",
      "resolved": "https://registry.npmjs.org/@peculiar/asn1-x509-attr/-/asn1-x509-attr-2.0.44.tgz",
      "integrity": "sha512-mYyf1fMT1JVrmPInjqVC3O2Vm3LBm7sd75Mg2hKB0A/zPKIYZ5WRz396lliucHagg17PalMjDOxtIQFOqs1WGg==",
      "dependencies": {
        "@peculiar/asn1-schema": "^2.0.44",
        "@peculiar/asn1-x509": "^2.0.44",
        "asn1js": "^2.1.1",
        "tslib": "^2.3.0"
      }
    },
    "node_modules/@peculiar/x509": {
      "version": "1.6.0",
      "resolved": "https://registry.npmjs.org/@peculiar/x509/-/x509-1.6.0.tgz",
      "integrity": "sha512-8amj8XwfN6O9vLDD9tgBUK/spY+MVMbnUOvd+f05ijdTd3K3aqQA9IvsW6wDpsJ8fuFEvUALlwrY80yX/9sxpQ==",
      "dependencies": {
        "@peculiar/asn1-cms": "^2.0.38",
        "@peculiar/asn1-csr": "^2.0.38",
        "@peculiar/asn1-ecc": "^2.0.38",
        "@peculiar/asn1-pkcs9": "^2.0.38",
        "@peculiar/asn1-rsa": "^2.0.38",
        "@peculiar/asn1-schema": "^2.0.38",
        "@peculiar/asn1-x509": "^2.0.38",
        "pvtsutils": "^1.2.1",
        "reflect-metadata": "^0.1.13",
        "tslib": "^2.3.1",
        "tsyringe": "^4.6.0"
      }
    },
    "node_modules/@sindresorhus/is": {
      "version": "5.3.0",
      "resolved": "https://registry.npmjs.org/@sindresorhus/is/-/is-5.3.0.tgz",
      "integrity": "sha512-CX6t4SYQ37lzxicAqsBtxA3OseeoVrh9cSJ5PFYam0GksYlupRfy1A+Q4aYD3zvcfECLc0zO2u+ZnR2UYKvCrw==",
      "engines": {
        "node": ">=14.16"
      },
      "funding": {
        "url": "https://github.com/sindresorhus/is?sponsor=1"
      }
    },
    "node_modules/@szmarczak/http-timer": {
      "version": "5.0.1",
      "resolved": "https://registry.npmjs.org/@szmarczak/http-timer/-/http-timer-5.0.1.tgz",
      "integrity": "sha512-+PmQX0PiAYPMeVYe237LJAYvOMYW1j2rH5YROyS3b4CTVJum34HfRvKvAzozHAQG0TnHNdUfY9nCeUyRAs//cw==",
      "dependencies": {
        "defer-to-connect": "^2.0.1"
      },
      "engines": {
        "node": ">=14.16"
      }
    },
    "node_modules/@types/asn1js": {
      "version": "2.0.2",
      "resolved": "https://registry.npmjs.org/@types/asn1js/-/asn1js-2.0.2.tgz",
      "integrity": "sha512-t4YHCgtD+ERvH0FyxvNlYwJ2ezhqw7t+Ygh4urQ7dJER8i185JPv6oIM3ey5YQmGN6Zp9EMbpohkjZi9t3UxwA=="
    },
    "node_modules/@types/http-cache-semantics": {
      "version": "4.0.1",
      "resolved": "https://registry.npmjs.org/@types/http-cache-semantics/-/http-cache-semantics-4.0.1.tgz",
      "integrity": "sha512-SZs7ekbP8CN0txVG2xVRH6EgKmEm31BOxA07vkFaETzZz1xh+cbt8BcI0slpymvwhx5dlFnQG2rTlPVQn+iRPQ=="
    },
    "node_modules/ansi-regex": {
      "version": "5.0.1",
      "resolved": "https://registry.npmjs.org/ansi-regex/-/ansi-regex-5.0.1.tgz",
      "integrity": "sha512-quJQXlTSUGL2LH9SUXo8VwsY4soanhgo6LNSm84E1LBcE8s3O0wpdiRzyR9z/ZZJMlMWv37qOOb9pdJlMUEKFQ==",
      "engines": {
        "node": ">=8"
      }
    },
    "node_modules/ansi-styles": {
      "version": "4.3.0",
      "resolved": "https://registry.npmjs.org/ansi-styles/-/ansi-styles-4.3.0.tgz",
      "integrity": "sha512-zbB9rCJAT1rbjiVDb2hqKFHNYLxgtk8NURxZ3IZwD3F6NtxbXZQCnnSi1Lkx+IDohdPlFp222wVALIheZJQSEg==",
      "dependencies": {
        "color-convert": "^2.0.1"
      },
      "engines": {
        "node": ">=8"
      },
      "funding": {
        "url": "https://github.com/chalk/ansi-styles?sponsor=1"
      }
    },
    "node_modules/asn1js": {
      "version": "2.1.1",
      "resolved": "https://registry.npmjs.org/asn1js/-/asn1js-2.1.1.tgz",
      "integrity": "sha512-t9u0dU0rJN4ML+uxgN6VM2Z4H5jWIYm0w8LsZLzMJaQsgL3IJNbxHgmbWDvJAwspyHpDFuzUaUFh4c05UB4+6g==",
      "dependencies": {
        "pvutils": "latest"
      },
      "engines": {
        "node": ">=6.0.0"
      }
    },
    "node_modules/cacheable-lookup": {
      "version": "7.0.0",
      "resolved": "https://registry.npmjs.org/cacheable-lookup/-/cacheable-lookup-7.0.0.tgz",
      "integrity": "sha512-+qJyx4xiKra8mZrcwhjMRMUhD5NR1R8esPkzIYxX96JiecFoxAXFuz/GpR3+ev4PE1WamHip78wV0vcmPQtp8w==",
      "engines": {
        "node": ">=14.16"
      }
    },
    "node_modules/cacheable-request": {
      "version": "10.2.7",
      "resolved": "https://registry.npmjs.org/cacheable-request/-/cacheable-request-10.2.7.tgz",
      "integrity": "sha512-I4SA6mKgDxcxVbSt/UmIkb9Ny8qSkg6ReBHtAAXnZHk7KOSx5g3DTiAOaYzcHCs6oOdHn+bip9T48E6tMvK9hw==",
      "dependencies": {
        "@types/http-cache-semantics": "^4.0.1",
        "get-stream": "^6.0.1",
        "http-cache-semantics": "^4.1.1",
        "keyv": "^4.5.2",
        "mimic-response": "^4.0.0",
        "normalize-url": "^8.0.0",
        "responselike": "^3.0.0"
      },
      "engines": {
        "node": ">=14.16"
      }
    },
    "node_modules/cliui": {
      "version": "7.0.4",
      "resolved": "https://registry.npmjs.org/cliui/-/cliui-7.0.4.tgz",
      "integrity": "sha512-OcRE68cOsVMXp1Yvonl/fzkQOyjLSu/8bhPDfQt0e0/Eb283TKP20Fs2MqoPsr9SwA595rRCA+QMzYc9nBP+JQ==",
      "dependencies": {
        "string-width": "^4.2.0",
        "strip-ansi": "^6.0.0",
        "wrap-ansi": "^7.0.0"
      }
    },
    "node_modules/color-convert": {
      "version": "2.0.1",
      "resolved": "https://registry.npmjs.org/color-convert/-/color-convert-2.0.1.tgz",
      "integrity": "sha512-RRECPsj7iu/xb5oKYcsFHSppFNnsj/52OVTRKb4zP5onXwVF3zVmmToNcOfGC+CRDpfK/U584fMg38ZHCaElKQ==",
      "dependencies": {
        "color-name": "~1.1.4"
      },
      "engines": {
        "node": ">=7.0.0"
      }
    },
    "node_modules/color-name": {
      "version": "1.1.4",
      "resolved": "https://registry.npmjs.org/color-name/-/color-name-1.1.4.tgz",
      "integrity": "sha512-dOy+3AuW3a2wNbZHIuMZpTcgjGuLU/uBL/ubcZF9OXbDo8ff4O8yVp5Bf0efS8uEoYo5q4Fx7dY9OgQGXgAsQA=="
    },
    "node_modules/decompress-response": {
      "version": "6.0.0",
      "resolved": "https://registry.npmjs.org/decompress-response/-/decompress-response-6.0.0.tgz",
      "integrity": "sha512-aW35yZM6Bb/4oJlZncMH2LCoZtJXTRxES17vE3hoRiowU2kWHaJKFkSBDnDR+cm9J+9QhXmREyIfv0pji9ejCQ==",
      "dependencies": {
        "mimic-response": "^3.1.0"
      },
      "engines": {
        "node": ">=10"
      },
      "funding": {
        "url": "https://github.com/sponsors/sindresorhus"
      }
    },
    "node_modules/decompress-response/node_modules/mimic-response": {
      "version": "3.1.0",
      "resolved": "https://registry.npmjs.org/mimic-response/-/mimic-response-3.1.0.tgz",
      "integrity": "sha512-z0yWI+4FDrrweS8Zmt4Ej5HdJmky15+L2e6Wgn3+iK5fWzb6T3fhNFq2+MeTRb064c6Wr4N/wv0DzQTjNzHNGQ==",
      "engines": {
        "node": ">=10"
      },
      "funding": {
        "url": "https://github.com/sponsors/sindresorhus"
      }
    },
    "node_modules/defer-to-connect": {
      "version": "2.0.1",
      "resolved": "https://registry.npmjs.org/defer-to-connect/-/defer-to-connect-2.0.1.tgz",
      "integrity": "sha512-4tvttepXG1VaYGrRibk5EwJd1t4udunSOVMdLSAL6mId1ix438oPwPZMALY41FCijukO1L0twNcGsdzS7dHgDg==",
      "engines": {
        "node": ">=10"
      }
    },
    "node_modules/emoji-regex": {
      "version": "8.0.0",
      "resolved": "https://registry.npmjs.org/emoji-regex/-/emoji-regex-8.0.0.tgz",
      "integrity": "sha512-MSjYzcWNOA0ewAHpz0MxpYFvwg6yjy1NG3xteoqz644VCo/RPgnr1/GGt+ic3iJTzQ8Eu3TdM14SawnVUmGE6A=="
    },
    "node_modules/escalade": {
      "version": "3.1.1",
      "resolved": "https://registry.npmjs.org/escalade/-/escalade-3.1.1.tgz",
      "integrity": "sha512-k0er2gUkLf8O0zKJiAhmkTnJlTvINGv7ygDNPbeIsX/TJjGJZHuh9B2UxbsaEkmlEo9MfhrSzmhIlhRlI2GXnw==",
      "engines": {
        "node": ">=6"
      }
    },
    "node_modules/form-data-encoder": {
      "version": "2.1.4",
      "resolved": "https://registry.npmjs.org/form-data-encoder/-/form-data-encoder-2.1.4.tgz",
      "integrity": "sha512-yDYSgNMraqvnxiEXO4hi88+YZxaHC6QKzb5N84iRCTDeRO7ZALpir/lVmf/uXUhnwUr2O4HU8s/n6x+yNjQkHw==",
      "engines": {
        "node": ">= 14.17"
      }
    },
    "node_modules/get-caller-file": {
      "version": "2.0.5",
      "resolved": "https://registry.npmjs.org/get-caller-file/-/get-caller-file-2.0.5.tgz",
      "integrity": "sha512-DyFP3BM/3YHTQOCUL/w0OZHR0lpKeGrxotcHWcqNEdnltqFwXVfhEBQ94eIo34AfQpo0rGki4cyIiftY06h2Fg==",
      "engines": {
        "node": "6.* || 8.* || >= 10.*"
      }
    },
    "node_modules/get-stream": {
      "version": "6.0.1",
      "resolved": "https://registry.npmjs.org/get-stream/-/get-stream-6.0.1.tgz",
      "integrity": "sha512-ts6Wi+2j3jQjqi70w5AlN8DFnkSwC+MqmxEzdEALB2qXZYV3X/b1CTfgPLGJNMeAWxdPfU8FO1ms3NUfaHCPYg==",
      "engines": {
        "node": ">=10"
      },
      "funding": {
        "url": "https://github.com/sponsors/sindresorhus"
      }
    },
    "node_modules/got": {
      "version": "12.5.3",
      "resolved": "https://registry.npmjs.org/got/-/got-12.5.3.tgz",
      "integrity": "sha512-8wKnb9MGU8IPGRIo+/ukTy9XLJBwDiCpIf5TVzQ9Cpol50eMTpBq2GAuDsuDIz7hTYmZgMgC1e9ydr6kSDWs3w==",
      "dependencies": {
        "@sindresorhus/is": "^5.2.0",
        "@szmarczak/http-timer": "^5.0.1",
        "cacheable-lookup": "^7.0.0",
        "cacheable-request": "^10.2.1",
        "decompress-response": "^6.0.0",
        "form-data-encoder": "^2.1.2",
        "get-stream": "^6.0.1",
        "http2-wrapper": "^2.1.10",
        "lowercase-keys": "^3.0.0",
        "p-cancelable": "^3.0.0",
        "responselike": "^3.0.0"
      },
      "engines": {
        "node": ">=14.16"
      },
      "funding": {
        "url": "https://github.com/sindresorhus/got?sponsor=1"
      }
    },
    "node_modules/http-cache-semantics": {
      "version": "4.1.1",
      "resolved": "https://registry.npmjs.org/http-cache-semantics/-/http-cache-semantics-4.1.1.tgz",
      "integrity": "sha512-er295DKPVsV82j5kw1Gjt+ADA/XYHsajl82cGNQG2eyoPkvgUhX+nDIyelzhIWbbsXP39EHcI6l5tYs2FYqYXQ=="
    },
    "node_modules/http2-wrapper": {
      "version": "2.2.0",
      "resolved": "https://registry.npmjs.org/http2-wrapper/-/http2-wrapper-2.2.0.tgz",
      "integrity": "sha512-kZB0wxMo0sh1PehyjJUWRFEd99KC5TLjZ2cULC4f9iqJBAmKQQXEICjxl5iPJRwP40dpeHFqqhm7tYCvODpqpQ==",
      "dependencies": {
        "quick-lru": "^5.1.1",
        "resolve-alpn": "^1.2.0"
      },
      "engines": {
        "node": ">=10.19.0"
      }
    },
    "node_modules/ipaddr.js": {
      "version": "2.0.1",
      "resolved": "https://registry.npmjs.org/ipaddr.js/-/ipaddr.js-2.0.1.tgz",
      "integrity": "sha512-1qTgH9NG+IIJ4yfKs2e6Pp1bZg8wbDbKHT21HrLIeYBTRLgMYKnMTPAuI3Lcs61nfx5h1xlXnbJtH1kX5/d/ng==",
      "engines": {
        "node": ">= 10"
      }
    },
    "node_modules/is-fullwidth-code-point": {
      "version": "3.0.0",
      "resolved": "https://registry.npmjs.org/is-fullwidth-code-point/-/is-fullwidth-code-point-3.0.0.tgz",
      "integrity": "sha512-zymm5+u+sCsSWyD9qNaejV3DFvhCKclKdizYaJUuHA83RLjb7nSuGnddCHGv0hk+KY7BMAlsWeK4Ueg6EV6XQg==",
      "engines": {
        "node": ">=8"
      }
    },
    "node_modules/jose": {
      "version": "4.3.6",
      "resolved": "https://registry.npmjs.org/jose/-/jose-4.3.6.tgz",
      "integrity": "sha512-A/JgZGUerqG2IMuxkUDBtZ4aTxg/l1Y+pt/QAAYiRAR3EFlxIE0Su0xdpB8tQcPZK5eudB7g1PHCZ5uHatbY+g==",
      "funding": {
        "url": "https://github.com/sponsors/panva"
      }
    },
    "node_modules/json-buffer": {
      "version": "3.0.1",
      "resolved": "https://registry.npmjs.org/json-buffer/-/json-buffer-3.0.1.tgz",
      "integrity": "sha512-4bV5BfR2mqfQTJm+V5tPPdf+ZpuhiIvTuAB5g8kcrXOZpTT/QwwVRWBywX1ozr6lEuPdbHxwaJlm9G6mI2sfSQ=="
    },
    "node_modules/keyv": {
      "version": "4.5.2",
      "resolved": "https://registry.npmjs.org/keyv/-/keyv-4.5.2.tgz",
      "integrity": "sha512-5MHbFaKn8cNSmVW7BYnijeAVlE4cYA/SVkifVgrh7yotnfhKmjuXpDKjrABLnT0SfHWV21P8ow07OGfRrNDg8g==",
      "dependencies": {
        "json-buffer": "3.0.1"
      }
    },
    "node_modules/lowercase-keys": {
      "version": "3.0.0",
      "resolved": "https://registry.npmjs.org/lowercase-keys/-/lowercase-keys-3.0.0.tgz",
      "integrity": "sha512-ozCC6gdQ+glXOQsveKD0YsDy8DSQFjDTz4zyzEHNV5+JP5D62LmfDZ6o1cycFx9ouG940M5dE8C8CTewdj2YWQ==",
      "engines": {
        "node": "^12.20.0 || ^14.13.1 || >=16.0.0"
      },
      "funding": {
        "url": "https://github.com/sponsors/sindresorhus"
      }
    },
    "node_modules/mimic-response": {
      "version": "4.0.0",
      "resolved": "https://registry.npmjs.org/mimic-response/-/mimic-response-4.0.0.tgz",
      "integrity": "sha512-e5ISH9xMYU0DzrT+jl8q2ze9D6eWBto+I8CNpe+VI+K2J/F/k3PdkdTdz4wvGVH4NTpo+NRYTVIuMQEMMcsLqg==",
      "engines": {
        "node": "^12.20.0 || ^14.13.1 || >=16.0.0"
      },
      "funding": {
        "url": "https://github.com/sponsors/sindresorhus"
      }
    },
    "node_modules/normalize-url": {
      "version": "8.0.0",
      "resolved": "https://registry.npmjs.org/normalize-url/-/normalize-url-8.0.0.tgz",
      "integrity": "sha512-uVFpKhj5MheNBJRTiMZ9pE/7hD1QTeEvugSJW/OmLzAp78PB5O6adfMNTvmfKhXBkvCzC+rqifWcVYpGFwTjnw==",
      "engines": {
        "node": ">=14.16"
      },
      "funding": {
        "url": "https://github.com/sponsors/sindresorhus"
      }
    },
    "node_modules/p-cancelable": {
      "version": "3.0.0",
      "resolved": "https://registry.npmjs.org/p-cancelable/-/p-cancelable-3.0.0.tgz",
      "integrity": "sha512-mlVgR3PGuzlo0MmTdk4cXqXWlwQDLnONTAg6sm62XkMJEiRxN3GL3SffkYvqwonbkJBcrI7Uvv5Zh9yjvn2iUw==",
      "engines": {
        "node": ">=12.20"
      }
    },
    "node_modules/pvtsutils": {
      "version": "1.2.1",
      "resolved": "https://registry.npmjs.org/pvtsutils/-/pvtsutils-1.2.1.tgz",
      "integrity": "sha512-Q867jEr30lBR2YSFFLZ0/XsEvpweqH6Kj096wmlRAFXrdRGPCNq2iz9B5Tk085EZ+OBZyYAVA5UhPkjSHGrUzQ==",
      "dependencies": {
        "tslib": "^2.3.1"
      }
    },
    "node_modules/pvutils": {
      "version": "1.0.17",
      "resolved": "https://registry.npmjs.org/pvutils/-/pvutils-1.0.17.tgz",
      "integrity": "sha512-wLHYUQxWaXVQvKnwIDWFVKDJku9XDCvyhhxoq8dc5MFdIlRenyPI9eSfEtcvgHgD7FlvCyGAlWgOzRnZD99GZQ==",
      "engines": {
        "node": ">=6.0.0"
      }
    },
    "node_modules/quick-lru": {
      "version": "5.1.1",
      "resolved": "https://registry.npmjs.org/quick-lru/-/quick-lru-5.1.1.tgz",
      "integrity": "sha512-WuyALRjWPDGtt/wzJiadO5AXY+8hZ80hVpe6MyivgraREW751X3SbhRvG3eLKOYN+8VEvqLcf3wdnt44Z4S4SA==",
      "engines": {
        "node": ">=10"
      },
      "funding": {
        "url": "https://github.com/sponsors/sindresorhus"
      }
    },
    "node_modules/reflect-metadata": {
      "version": "0.1.13",
      "resolved": "https://registry.npmjs.org/reflect-metadata/-/reflect-metadata-0.1.13.tgz",
      "integrity": "sha512-Ts1Y/anZELhSsjMcU605fU9RE4Oi3p5ORujwbIKXfWa+0Zxs510Qrmrce5/Jowq3cHSZSJqBjypxmHarc+vEWg=="
    },
    "node_modules/require-directory": {
      "version": "2.1.1",
      "resolved": "https://registry.npmjs.org/require-directory/-/require-directory-2.1.1.tgz",
      "integrity": "sha1-jGStX9MNqxyXbiNE/+f3kqam30I=",
      "engines": {
        "node": ">=0.10.0"
      }
    },
    "node_modules/resolve-alpn": {
      "version": "1.2.1",
      "resolved": "https://registry.npmjs.org/resolve-alpn/-/resolve-alpn-1.2.1.tgz",
      "integrity": "sha512-0a1F4l73/ZFZOakJnQ3FvkJ2+gSTQWz/r2KE5OdDY0TxPm5h4GkqkWWfM47T7HsbnOtcJVEF4epCVy6u7Q3K+g=="
    },
    "node_modules/responselike": {
      "version": "3.0.0",
      "resolved": "https://registry.npmjs.org/responselike/-/responselike-3.0.0.tgz",
      "integrity": "sha512-40yHxbNcl2+rzXvZuVkrYohathsSJlMTXKryG5y8uciHv1+xDLHQpgjG64JUO9nrEq2jGLH6IZ8BcZyw3wrweg==",
      "dependencies": {
        "lowercase-keys": "^3.0.0"
      },
      "engines": {
        "node": ">=14.16"
      },
      "funding": {
        "url": "https://github.com/sponsors/sindresorhus"
      }
    },
    "node_modules/string-width": {
      "version": "4.2.3",
      "resolved": "https://registry.npmjs.org/string-width/-/string-width-4.2.3.tgz",
      "integrity": "sha512-wKyQRQpjJ0sIp62ErSZdGsjMJWsap5oRNihHhu6G7JVO/9jIB6UyevL+tXuOqrng8j/cxKTWyWUwvSTriiZz/g==",
      "dependencies": {
        "emoji-regex": "^8.0.0",
        "is-fullwidth-code-point": "^3.0.0",
        "strip-ansi": "^6.0.1"
      },
      "engines": {
        "node": ">=8"
      }
    },
    "node_modules/strip-ansi": {
      "version": "6.0.1",
      "resolved": "https://registry.npmjs.org/strip-ansi/-/strip-ansi-6.0.1.tgz",
      "integrity": "sha512-Y38VPSHcqkFrCpFnQ9vuSXmquuv5oXOKpGeT6aGrr3o3Gc9AlVa6JBfUSOCnbxGGZF+/0ooI7KrPuUSztUdU5A==",
      "dependencies": {
        "ansi-regex": "^5.0.1"
      },
      "engines": {
        "node": ">=8"
      }
    },
    "node_modules/tslib": {
      "version": "2.3.1",
      "resolved": "https://registry.npmjs.org/tslib/-/tslib-2.3.1.tgz",
      "integrity": "sha512-77EbyPPpMz+FRFRuAFlWMtmgUWGe9UOG2Z25NqCwiIjRhOf5iKGuzSe5P2w1laq+FkRy4p+PCuVkJSGkzTEKVw=="
    },
    "node_modules/tsyringe": {
      "version": "4.6.0",
      "resolved": "https://registry.npmjs.org/tsyringe/-/tsyringe-4.6.0.tgz",
      "integrity": "sha512-BMQAZamSfEmIQzH8WJeRu1yZGQbPSDuI9g+yEiKZFIcO46GPZuMOC2d0b52cVBdw1d++06JnDSIIZvEnogMdAw==",
      "dependencies": {
        "tslib": "^1.9.3"
      },
      "engines": {
        "node": ">= 6.0.0"
      }
    },
    "node_modules/tsyringe/node_modules/tslib": {
      "version": "1.14.1",
      "resolved": "https://registry.npmjs.org/tslib/-/tslib-1.14.1.tgz",
      "integrity": "sha512-Xni35NKzjgMrwevysHTCArtLDpPvye8zV/0E4EyYn43P7/7qvQwPh9BGkHewbMulVntbigmcT7rdX3BNo9wRJg=="
    },
    "node_modules/wrap-ansi": {
      "version": "7.0.0",
      "resolved": "https://registry.npmjs.org/wrap-ansi/-/wrap-ansi-7.0.0.tgz",
      "integrity": "sha512-YVGIj2kamLSTxw6NsZjoBxfSwsn0ycdesmc4p+Q21c5zPuZ1pl+NfxVdxPtdHvmNVOQ6XSYG4AUtyt/Fi7D16Q==",
      "dependencies": {
        "ansi-styles": "^4.0.0",
        "string-width": "^4.1.0",
        "strip-ansi": "^6.0.0"
      },
      "engines": {
        "node": ">=10"
      },
      "funding": {
        "url": "https://github.com/chalk/wrap-ansi?sponsor=1"
      }
    },
    "node_modules/y18n": {
      "version": "5.0.8",
      "resolved": "https://registry.npmjs.org/y18n/-/y18n-5.0.8.tgz",
      "integrity": "sha512-0pfFzegeDWJHJIAmTLRP2DwHjdF5s7jo9tuztdQxAhINCdvS+3nGINqPd00AphqJR/0LhANUS6/+7SCb98YOfA==",
      "engines": {
        "node": ">=10"
      }
    },
    "node_modules/yargs": {
      "version": "17.2.1",
      "resolved": "https://registry.npmjs.org/yargs/-/yargs-17.2.1.tgz",
      "integrity": "sha512-XfR8du6ua4K6uLGm5S6fA+FIJom/MdJcFNVY8geLlp2v8GYbOXD4EB1tPNZsRn4vBzKGMgb5DRZMeWuFc2GO8Q==",
      "dependencies": {
        "cliui": "^7.0.2",
        "escalade": "^3.1.1",
        "get-caller-file": "^2.0.5",
        "require-directory": "^2.1.1",
        "string-width": "^4.2.0",
        "y18n": "^5.0.5",
        "yargs-parser": "^20.2.2"
      },
      "engines": {
        "node": ">=12"
      }
    },
    "node_modules/yargs-parser": {
      "version": "20.2.9",
      "resolved": "https://registry.npmjs.org/yargs-parser/-/yargs-parser-20.2.9.tgz",
      "integrity": "sha512-y11nGElTIV+CT3Zv9t7VKl+Q3hTQoT9a1Qzezhhl6Rp21gJ/IVTW7Z3y9EWXhuUBC2Shnf+DX0antecpAwSP8w==",
      "engines": {
        "node": ">=10"
      }
    }
  },
  "dependencies": {
    "@peculiar/asn1-cms": {
      "version": "2.0.44",
      "resolved": "https://registry.npmjs.org/@peculiar/asn1-cms/-/asn1-cms-2.0.44.tgz",
      "integrity": "sha512-CzjCz8VZqG2jqRI/4YKCk3D9WS8V9cezt0tftWT5zmYxeZvAWOmtInj013zSooHEn1Oi65rzdDZ1m+wgascmiw==",
      "requires": {
        "@peculiar/asn1-schema": "^2.0.44",
        "@peculiar/asn1-x509": "^2.0.44",
        "@peculiar/asn1-x509-attr": "^2.0.44",
        "asn1js": "^2.1.1",
        "tslib": "^2.3.0"
      }
    },
    "@peculiar/asn1-csr": {
      "version": "2.0.44",
      "resolved": "https://registry.npmjs.org/@peculiar/asn1-csr/-/asn1-csr-2.0.44.tgz",
      "integrity": "sha512-9FG9ySzLyYIlk/W3o/mpE+ukn/XMokv+BysqyhNGifUet362slp+uF4XliKGLt53TO53uYCsQimVyTK4vwe/yg==",
      "requires": {
        "@peculiar/asn1-schema": "^2.0.44",
        "@peculiar/asn1-x509": "^2.0.44",
        "asn1js": "^2.1.1",
        "tslib": "^2.3.0"
      }
    },
    "@peculiar/asn1-ecc": {
      "version": "2.0.44",
      "resolved": "https://registry.npmjs.org/@peculiar/asn1-ecc/-/asn1-ecc-2.0.44.tgz",
      "integrity": "sha512-GvfifE5xCZjEz9EsOl9gqTVgex9m7ATLloTaSE3Go+iG8bc7C/VDK8lOnFb3/UsCqfI46Gwh4Q3RQCP2JB3GDQ==",
      "requires": {
        "@peculiar/asn1-schema": "^2.0.44",
        "@peculiar/asn1-x509": "^2.0.44",
        "asn1js": "^2.1.1",
        "tslib": "^2.3.0"
      }
    },
    "@peculiar/asn1-pfx": {
      "version": "2.0.44",
      "resolved": "https://registry.npmjs.org/@peculiar/asn1-pfx/-/asn1-pfx-2.0.44.tgz",
      "integrity": "sha512-rVsGoZWMtensS9+AEtU97cImHXEu+Oi6K31/EzzzdqfUx/aF49RYCVKOyuCjUg5cwIOE93WsNm0hQFYB2pYwVQ==",
      "requires": {
        "@peculiar/asn1-cms": "^2.0.44",
        "@peculiar/asn1-pkcs8": "^2.0.44",
        "@peculiar/asn1-rsa": "^2.0.44",
        "@peculiar/asn1-schema": "^2.0.44",
        "asn1js": "^2.1.1",
        "tslib": "^2.3.0"
      }
    },
    "@peculiar/asn1-pkcs8": {
      "version": "2.0.44",
      "resolved": "https://registry.npmjs.org/@peculiar/asn1-pkcs8/-/asn1-pkcs8-2.0.44.tgz",
      "integrity": "sha512-cs/zGEv/6Jxx14tZ6NS82PNJFMCb4aFOiAFzv+I1I1ud7o5wyDGOOAIiIs4vI+Z6xtkoSyF+hWH51kRutdFV4A==",
      "requires": {
        "@peculiar/asn1-schema": "^2.0.44",
        "@peculiar/asn1-x509": "^2.0.44",
        "asn1js": "^2.1.1",
        "tslib": "^2.3.0"
      }
    },
    "@peculiar/asn1-pkcs9": {
      "version": "2.0.44",
      "resolved": "https://registry.npmjs.org/@peculiar/asn1-pkcs9/-/asn1-pkcs9-2.0.44.tgz",
      "integrity": "sha512-b54VRWsM5NdIOlSuBbfBeximwVQIHcUoUdx10mHM6QuvZlXKciVP/nkerxg0ytQzC5BvPbohfYuiq46gYCPZSA==",
      "requires": {
        "@peculiar/asn1-cms": "^2.0.44",
        "@peculiar/asn1-pfx": "^2.0.44",
        "@peculiar/asn1-pkcs8": "^2.0.44",
        "@peculiar/asn1-schema": "^2.0.44",
        "@peculiar/asn1-x509": "^2.0.44",
        "@peculiar/asn1-x509-attr": "^2.0.44",
        "asn1js": "^2.1.1",
        "tslib": "^2.3.0"
      }
    },
    "@peculiar/asn1-rsa": {
      "version": "2.0.44",
      "resolved": "https://registry.npmjs.org/@peculiar/asn1-rsa/-/asn1-rsa-2.0.44.tgz",
      "integrity": "sha512-DYfo33Yl3y4Bu8V0RrAhKBZJDy1ESEGQzKVl7DxCUJna164/U/JB767W9ze0Vlq7quTawUJLMX3RRfesEFGigA==",
      "requires": {
        "@peculiar/asn1-schema": "^2.0.44",
        "@peculiar/asn1-x509": "^2.0.44",
        "asn1js": "^2.1.1",
        "tslib": "^2.3.0"
      }
    },
    "@peculiar/asn1-schema": {
      "version": "2.0.44",
      "resolved": "https://registry.npmjs.org/@peculiar/asn1-schema/-/asn1-schema-2.0.44.tgz",
      "integrity": "sha512-uaCnjQ9A9WwQSMuDJcNOCYEPXTahgKbFMvI7eMOMd8lXgx0J1eU7F3BoMsK5PFxa3dVUxjSQbaOjfgGoeHGgoQ==",
      "requires": {
        "@types/asn1js": "^2.0.2",
        "asn1js": "^2.1.1",
        "pvtsutils": "^1.2.1",
        "tslib": "^2.3.0"
      }
    },
    "@peculiar/asn1-x509": {
      "version": "2.0.44",
      "resolved": "https://registry.npmjs.org/@peculiar/asn1-x509/-/asn1-x509-2.0.44.tgz",
      "integrity": "sha512-jKGy+7Ew1PADjzInblBaQWVdh9kTiy49lkTko/MiYg5lHyCi/N9xPtQCuincpY1UeNPwXaeoT2DXRJOuN6U/8A==",
      "requires": {
        "@peculiar/asn1-schema": "^2.0.44",
        "asn1js": "^2.1.1",
        "ipaddr.js": "^2.0.1",
        "pvtsutils": "^1.2.1",
        "tslib": "^2.3.0"
      }
    },
    "@peculiar/asn1-x509-attr": {
      "version": "2.0.44",
      "resolved": "https://registry.npmjs.org/@peculiar/asn1-x509-attr/-/asn1-x509-attr-2.0.44.tgz",
      "integrity": "sha512-mYyf1fMT1JVrmPInjqVC3O2Vm3LBm7sd75Mg2hKB0A/zPKIYZ5WRz396lliucHagg17PalMjDOxtIQFOqs1WGg==",
      "requires": {
        "@peculiar/asn1-schema": "^2.0.44",
        "@peculiar/asn1-x509": "^2.0.44",
        "asn1js": "^2.1.1",
        "tslib": "^2.3.0"
      }
    },
    "@peculiar/x509": {
      "version": "1.6.0",
      "resolved": "https://registry.npmjs.org/@peculiar/x509/-/x509-1.6.0.tgz",
      "integrity": "sha512-8amj8XwfN6O9vLDD9tgBUK/spY+MVMbnUOvd+f05ijdTd3K3aqQA9IvsW6wDpsJ8fuFEvUALlwrY80yX/9sxpQ==",
      "requires": {
        "@peculiar/asn1-cms": "^2.0.38",
        "@peculiar/asn1-csr": "^2.0.38",
        "@peculiar/asn1-ecc": "^2.0.38",
        "@peculiar/asn1-pkcs9": "^2.0.38",
        "@peculiar/asn1-rsa": "^2.0.38",
        "@peculiar/asn1-schema": "^2.0.38",
        "@peculiar/asn1-x509": "^2.0.38",
        "pvtsutils": "^1.2.1",
        "reflect-metadata": "^0.1.13",
        "tslib": "^2.3.1",
        "tsyringe": "^4.6.0"
      }
    },
    "@sindresorhus/is": {
      "version": "5.3.0",
      "resolved": "https://registry.npmjs.org/@sindresorhus/is/-/is-5.3.0.tgz",
      "integrity": "sha512-CX6t4SYQ37lzxicAqsBtxA3OseeoVrh9cSJ5PFYam0GksYlupRfy1A+Q4aYD3zvcfECLc0zO2u+ZnR2UYKvCrw=="
    },
    "@szmarczak/http-timer": {
      "version": "5.0.1",
      "resolved": "https://registry.npmjs.org/@szmarczak/http-timer/-/http-timer-5.0.1.tgz",
      "integrity": "sha512-+PmQX0PiAYPMeVYe237LJAYvOMYW1j2rH5YROyS3b4CTVJum34HfRvKvAzozHAQG0TnHNdUfY9nCeUyRAs//cw==",
      "requires": {
        "defer-to-connect": "^2.0.1"
      }
    },
    "@types/asn1js": {
      "version": "2.0.2",
      "resolved": "https://registry.npmjs.org/@types/asn1js/-/asn1js-2.0.2.tgz",
      "integrity": "sha512-t4YHCgtD+ERvH0FyxvNlYwJ2ezhqw7t+Ygh4urQ7dJER8i185JPv6oIM3ey5YQmGN6Zp9EMbpohkjZi9t3UxwA=="
    },
    "@types/http-cache-semantics": {
      "version": "4.0.1",
      "resolved": "https://registry.npmjs.org/@types/http-cache-semantics/-/http-cache-semantics-4.0.1.tgz",
      "integrity": "sha512-SZs7ekbP8CN0txVG2xVRH6EgKmEm31BOxA07vkFaETzZz1xh+cbt8BcI0slpymvwhx5dlFnQG2rTlPVQn+iRPQ=="
    },
    "ansi-regex": {
      "version": "5.0.1",
      "resolved": "https://registry.npmjs.org/ansi-regex/-/ansi-regex-5.0.1.tgz",
      "integrity": "sha512-quJQXlTSUGL2LH9SUXo8VwsY4soanhgo6LNSm84E1LBcE8s3O0wpdiRzyR9z/ZZJMlMWv37qOOb9pdJlMUEKFQ=="
    },
    "ansi-styles": {
      "version": "4.3.0",
      "resolved": "https://registry.npmjs.org/ansi-styles/-/ansi-styles-4.3.0.tgz",
      "integrity": "sha512-zbB9rCJAT1rbjiVDb2hqKFHNYLxgtk8NURxZ3IZwD3F6NtxbXZQCnnSi1Lkx+IDohdPlFp222wVALIheZJQSEg==",
      "requires": {
        "color-convert": "^2.0.1"
      }
    },
    "asn1js": {
      "version": "2.1.1",
      "resolved": "https://registry.npmjs.org/asn1js/-/asn1js-2.1.1.tgz",
      "integrity": "sha512-t9u0dU0rJN4ML+uxgN6VM2Z4H5jWIYm0w8LsZLzMJaQsgL3IJNbxHgmbWDvJAwspyHpDFuzUaUFh4c05UB4+6g==",
      "requires": {
        "pvutils": "latest"
      }
    },
    "cacheable-lookup": {
      "version": "7.0.0",
      "resolved": "https://registry.npmjs.org/cacheable-lookup/-/cacheable-lookup-7.0.0.tgz",
      "integrity": "sha512-+qJyx4xiKra8mZrcwhjMRMUhD5NR1R8esPkzIYxX96JiecFoxAXFuz/GpR3+ev4PE1WamHip78wV0vcmPQtp8w=="
    },
    "cacheable-request": {
      "version": "10.2.7",
      "resolved": "https://registry.npmjs.org/cacheable-request/-/cacheable-request-10.2.7.tgz",
      "integrity": "sha512-I4SA6mKgDxcxVbSt/UmIkb9Ny8qSkg6ReBHtAAXnZHk7KOSx5g3DTiAOaYzcHCs6oOdHn+bip9T48E6tMvK9hw==",
      "requires": {
        "@types/http-cache-semantics": "^4.0.1",
        "get-stream": "^6.0.1",
        "http-cache-semantics": "^4.1.1",
        "keyv": "^4.5.2",
        "mimic-response": "^4.0.0",
        "normalize-url": "^8.0.0",
        "responselike": "^3.0.0"
      }
    },
    "cliui": {
      "version": "7.0.4",
      "resolved": "https://registry.npmjs.org/cliui/-/cliui-7.0.4.tgz",
      "integrity": "sha512-OcRE68cOsVMXp1Yvonl/fzkQOyjLSu/8bhPDfQt0e0/Eb283TKP20Fs2MqoPsr9SwA595rRCA+QMzYc9nBP+JQ==",
      "requires": {
        "string-width": "^4.2.0",
        "strip-ansi": "^6.0.0",
        "wrap-ansi": "^7.0.0"
      }
    },
    "color-convert": {
      "version": "2.0.1",
      "resolved": "https://registry.npmjs.org/color-convert/-/color-convert-2.0.1.tgz",
      "integrity": "sha512-RRECPsj7iu/xb5oKYcsFHSppFNnsj/52OVTRKb4zP5onXwVF3zVmmToNcOfGC+CRDpfK/U584fMg38ZHCaElKQ==",
      "requires": {
        "color-name": "~1.1.4"
      }
    },
    "color-name": {
      "version": "1.1.4",
      "resolved": "https://registry.npmjs.org/color-name/-/color-name-1.1.4.tgz",
      "integrity": "sha512-dOy+3AuW3a2wNbZHIuMZpTcgjGuLU/uBL/ubcZF9OXbDo8ff4O8yVp5Bf0efS8uEoYo5q4Fx7dY9OgQGXgAsQA=="
    },
    "decompress-response": {
      "version": "6.0.0",
      "resolved": "https://registry.npmjs.org/decompress-response/-/decompress-response-6.0.0.tgz",
      "integrity": "sha512-aW35yZM6Bb/4oJlZncMH2LCoZtJXTRxES17vE3hoRiowU2kWHaJKFkSBDnDR+cm9J+9QhXmREyIfv0pji9ejCQ==",
      "requires": {
        "mimic-response": "^3.1.0"
      },
      "dependencies": {
        "mimic-response": {
          "version": "3.1.0",
          "resolved": "https://registry.npmjs.org/mimic-response/-/mimic-response-3.1.0.tgz",
          "integrity": "sha512-z0yWI+4FDrrweS8Zmt4Ej5HdJmky15+L2e6Wgn3+iK5fWzb6T3fhNFq2+MeTRb064c6Wr4N/wv0DzQTjNzHNGQ=="
        }
      }
    },
    "defer-to-connect": {
      "version": "2.0.1",
      "resolved": "https://registry.npmjs.org/defer-to-connect/-/defer-to-connect-2.0.1.tgz",
      "integrity": "sha512-4tvttepXG1VaYGrRibk5EwJd1t4udunSOVMdLSAL6mId1ix438oPwPZMALY41FCijukO1L0twNcGsdzS7dHgDg=="
    },
    "emoji-regex": {
      "version": "8.0.0",
      "resolved": "https://registry.npmjs.org/emoji-regex/-/emoji-regex-8.0.0.tgz",
      "integrity": "sha512-MSjYzcWNOA0ewAHpz0MxpYFvwg6yjy1NG3xteoqz644VCo/RPgnr1/GGt+ic3iJTzQ8Eu3TdM14SawnVUmGE6A=="
    },
    "escalade": {
      "version": "3.1.1",
      "resolved": "https://registry.npmjs.org/escalade/-/escalade-3.1.1.tgz",
      "integrity": "sha512-k0er2gUkLf8O0zKJiAhmkTnJlTvINGv7ygDNPbeIsX/TJjGJZHuh9B2UxbsaEkmlEo9MfhrSzmhIlhRlI2GXnw=="
    },
    "form-data-encoder": {
      "version": "2.1.4",
      "resolved": "https://registry.npmjs.org/form-data-encoder/-/form-data-encoder-2.1.4.tgz",
      "integrity": "sha512-yDYSgNMraqvnxiEXO4hi88+YZxaHC6QKzb5N84iRCTDeRO7ZALpir/lVmf/uXUhnwUr2O4HU8s/n6x+yNjQkHw=="
    },
    "get-caller-file": {
      "version": "2.0.5",
      "resolved": "https://registry.npmjs.org/get-caller-file/-/get-caller-file-2.0.5.tgz",
      "integrity": "sha512-DyFP3BM/3YHTQOCUL/w0OZHR0lpKeGrxotcHWcqNEdnltqFwXVfhEBQ94eIo34AfQpo0rGki4cyIiftY06h2Fg=="
    },
    "get-stream": {
      "version": "6.0.1",
      "resolved": "https://registry.npmjs.org/get-stream/-/get-stream-6.0.1.tgz",
      "integrity": "sha512-ts6Wi+2j3jQjqi70w5AlN8DFnkSwC+MqmxEzdEALB2qXZYV3X/b1CTfgPLGJNMeAWxdPfU8FO1ms3NUfaHCPYg=="
    },
    "got": {
      "version": "12.5.3",
      "resolved": "https://registry.npmjs.org/got/-/got-12.5.3.tgz",
      "integrity": "sha512-8wKnb9MGU8IPGRIo+/ukTy9XLJBwDiCpIf5TVzQ9Cpol50eMTpBq2GAuDsuDIz7hTYmZgMgC1e9ydr6kSDWs3w==",
      "requires": {
        "@sindresorhus/is": "^5.2.0",
        "@szmarczak/http-timer": "^5.0.1",
        "cacheable-lookup": "^7.0.0",
        "cacheable-request": "^10.2.1",
        "decompress-response": "^6.0.0",
        "form-data-encoder": "^2.1.2",
        "get-stream": "^6.0.1",
        "http2-wrapper": "^2.1.10",
        "lowercase-keys": "^3.0.0",
        "p-cancelable": "^3.0.0",
        "responselike": "^3.0.0"
      }
    },
    "http-cache-semantics": {
      "version": "4.1.1",
      "resolved": "https://registry.npmjs.org/http-cache-semantics/-/http-cache-semantics-4.1.1.tgz",
      "integrity": "sha512-er295DKPVsV82j5kw1Gjt+ADA/XYHsajl82cGNQG2eyoPkvgUhX+nDIyelzhIWbbsXP39EHcI6l5tYs2FYqYXQ=="
    },
    "http2-wrapper": {
      "version": "2.2.0",
      "resolved": "https://registry.npmjs.org/http2-wrapper/-/http2-wrapper-2.2.0.tgz",
      "integrity": "sha512-kZB0wxMo0sh1PehyjJUWRFEd99KC5TLjZ2cULC4f9iqJBAmKQQXEICjxl5iPJRwP40dpeHFqqhm7tYCvODpqpQ==",
      "requires": {
        "quick-lru": "^5.1.1",
        "resolve-alpn": "^1.2.0"
      }
    },
    "ipaddr.js": {
      "version": "2.0.1",
      "resolved": "https://registry.npmjs.org/ipaddr.js/-/ipaddr.js-2.0.1.tgz",
      "integrity": "sha512-1qTgH9NG+IIJ4yfKs2e6Pp1bZg8wbDbKHT21HrLIeYBTRLgMYKnMTPAuI3Lcs61nfx5h1xlXnbJtH1kX5/d/ng=="
    },
    "is-fullwidth-code-point": {
      "version": "3.0.0",
      "resolved": "https://registry.npmjs.org/is-fullwidth-code-point/-/is-fullwidth-code-point-3.0.0.tgz",
      "integrity": "sha512-zymm5+u+sCsSWyD9qNaejV3DFvhCKclKdizYaJUuHA83RLjb7nSuGnddCHGv0hk+KY7BMAlsWeK4Ueg6EV6XQg=="
    },
    "jose": {
      "version": "4.3.6",
      "resolved": "https://registry.npmjs.org/jose/-/jose-4.3.6.tgz",
      "integrity": "sha512-A/JgZGUerqG2IMuxkUDBtZ4aTxg/l1Y+pt/QAAYiRAR3EFlxIE0Su0xdpB8tQcPZK5eudB7g1PHCZ5uHatbY+g=="
    },
    "json-buffer": {
      "version": "3.0.1",
      "resolved": "https://registry.npmjs.org/json-buffer/-/json-buffer-3.0.1.tgz",
      "integrity": "sha512-4bV5BfR2mqfQTJm+V5tPPdf+ZpuhiIvTuAB5g8kcrXOZpTT/QwwVRWBywX1ozr6lEuPdbHxwaJlm9G6mI2sfSQ=="
    },
    "keyv": {
      "version": "4.5.2",
      "resolved": "https://registry.npmjs.org/keyv/-/keyv-4.5.2.tgz",
      "integrity": "sha512-5MHbFaKn8cNSmVW7BYnijeAVlE4cYA/SVkifVgrh7yotnfhKmjuXpDKjrABLnT0SfHWV21P8ow07OGfRrNDg8g==",
      "requires": {
        "json-buffer": "3.0.1"
      }
    },
    "lowercase-keys": {
      "version": "3.0.0",
      "resolved": "https://registry.npmjs.org/lowercase-keys/-/lowercase-keys-3.0.0.tgz",
      "integrity": "sha512-ozCC6gdQ+glXOQsveKD0YsDy8DSQFjDTz4zyzEHNV5+JP5D62LmfDZ6o1cycFx9ouG940M5dE8C8CTewdj2YWQ=="
    },
    "mimic-response": {
      "version": "4.0.0",
      "resolved": "https://registry.npmjs.org/mimic-response/-/mimic-response-4.0.0.tgz",
      "integrity": "sha512-e5ISH9xMYU0DzrT+jl8q2ze9D6eWBto+I8CNpe+VI+K2J/F/k3PdkdTdz4wvGVH4NTpo+NRYTVIuMQEMMcsLqg=="
    },
    "normalize-url": {
      "version": "8.0.0",
      "resolved": "https://registry.npmjs.org/normalize-url/-/normalize-url-8.0.0.tgz",
      "integrity": "sha512-uVFpKhj5MheNBJRTiMZ9pE/7hD1QTeEvugSJW/OmLzAp78PB5O6adfMNTvmfKhXBkvCzC+rqifWcVYpGFwTjnw=="
    },
    "p-cancelable": {
      "version": "3.0.0",
      "resolved": "https://registry.npmjs.org/p-cancelable/-/p-cancelable-3.0.0.tgz",
      "integrity": "sha512-mlVgR3PGuzlo0MmTdk4cXqXWlwQDLnONTAg6sm62XkMJEiRxN3GL3SffkYvqwonbkJBcrI7Uvv5Zh9yjvn2iUw=="
    },
    "pvtsutils": {
      "version": "1.2.1",
      "resolved": "https://registry.npmjs.org/pvtsutils/-/pvtsutils-1.2.1.tgz",
      "integrity": "sha512-Q867jEr30lBR2YSFFLZ0/XsEvpweqH6Kj096wmlRAFXrdRGPCNq2iz9B5Tk085EZ+OBZyYAVA5UhPkjSHGrUzQ==",
      "requires": {
        "tslib": "^2.3.1"
      }
    },
    "pvutils": {
      "version": "1.0.17",
      "resolved": "https://registry.npmjs.org/pvutils/-/pvutils-1.0.17.tgz",
      "integrity": "sha512-wLHYUQxWaXVQvKnwIDWFVKDJku9XDCvyhhxoq8dc5MFdIlRenyPI9eSfEtcvgHgD7FlvCyGAlWgOzRnZD99GZQ=="
    },
    "quick-lru": {
      "version": "5.1.1",
      "resolved": "https://registry.npmjs.org/quick-lru/-/quick-lru-5.1.1.tgz",
      "integrity": "sha512-WuyALRjWPDGtt/wzJiadO5AXY+8hZ80hVpe6MyivgraREW751X3SbhRvG3eLKOYN+8VEvqLcf3wdnt44Z4S4SA=="
    },
    "reflect-metadata": {
      "version": "0.1.13",
      "resolved": "https://registry.npmjs.org/reflect-metadata/-/reflect-metadata-0.1.13.tgz",
      "integrity": "sha512-Ts1Y/anZELhSsjMcU605fU9RE4Oi3p5ORujwbIKXfWa+0Zxs510Qrmrce5/Jowq3cHSZSJqBjypxmHarc+vEWg=="
    },
    "require-directory": {
      "version": "2.1.1",
      "resolved": "https://registry.npmjs.org/require-directory/-/require-directory-2.1.1.tgz",
      "integrity": "sha1-jGStX9MNqxyXbiNE/+f3kqam30I="
    },
    "resolve-alpn": {
      "version": "1.2.1",
      "resolved": "https://registry.npmjs.org/resolve-alpn/-/resolve-alpn-1.2.1.tgz",
      "integrity": "sha512-0a1F4l73/ZFZOakJnQ3FvkJ2+gSTQWz/r2KE5OdDY0TxPm5h4GkqkWWfM47T7HsbnOtcJVEF4epCVy6u7Q3K+g=="
    },
    "responselike": {
      "version": "3.0.0",
      "resolved": "https://registry.npmjs.org/responselike/-/responselike-3.0.0.tgz",
      "integrity": "sha512-40yHxbNcl2+rzXvZuVkrYohathsSJlMTXKryG5y8uciHv1+xDLHQpgjG64JUO9nrEq2jGLH6IZ8BcZyw3wrweg==",
      "requires": {
        "lowercase-keys": "^3.0.0"
      }
    },
    "string-width": {
      "version": "4.2.3",
      "resolved": "https://registry.npmjs.org/string-width/-/string-width-4.2.3.tgz",
      "integrity": "sha512-wKyQRQpjJ0sIp62ErSZdGsjMJWsap5oRNihHhu6G7JVO/9jIB6UyevL+tXuOqrng8j/cxKTWyWUwvSTriiZz/g==",
      "requires": {
        "emoji-regex": "^8.0.0",
        "is-fullwidth-code-point": "^3.0.0",
        "strip-ansi": "^6.0.1"
      }
    },
    "strip-ansi": {
      "version": "6.0.1",
      "resolved": "https://registry.npmjs.org/strip-ansi/-/strip-ansi-6.0.1.tgz",
      "integrity": "sha512-Y38VPSHcqkFrCpFnQ9vuSXmquuv5oXOKpGeT6aGrr3o3Gc9AlVa6JBfUSOCnbxGGZF+/0ooI7KrPuUSztUdU5A==",
      "requires": {
        "ansi-regex": "^5.0.1"
      }
    },
    "tslib": {
      "version": "2.3.1",
      "resolved": "https://registry.npmjs.org/tslib/-/tslib-2.3.1.tgz",
      "integrity": "sha512-77EbyPPpMz+FRFRuAFlWMtmgUWGe9UOG2Z25NqCwiIjRhOf5iKGuzSe5P2w1laq+FkRy4p+PCuVkJSGkzTEKVw=="
    },
    "tsyringe": {
      "version": "4.6.0",
      "resolved": "https://registry.npmjs.org/tsyringe/-/tsyringe-4.6.0.tgz",
      "integrity": "sha512-BMQAZamSfEmIQzH8WJeRu1yZGQbPSDuI9g+yEiKZFIcO46GPZuMOC2d0b52cVBdw1d++06JnDSIIZvEnogMdAw==",
      "requires": {
        "tslib": "^1.9.3"
      },
      "dependencies": {
        "tslib": {
          "version": "1.14.1",
          "resolved": "https://registry.npmjs.org/tslib/-/tslib-1.14.1.tgz",
          "integrity": "sha512-Xni35NKzjgMrwevysHTCArtLDpPvye8zV/0E4EyYn43P7/7qvQwPh9BGkHewbMulVntbigmcT7rdX3BNo9wRJg=="
        }
      }
    },
    "wrap-ansi": {
      "version": "7.0.0",
      "resolved": "https://registry.npmjs.org/wrap-ansi/-/wrap-ansi-7.0.0.tgz",
      "integrity": "sha512-YVGIj2kamLSTxw6NsZjoBxfSwsn0ycdesmc4p+Q21c5zPuZ1pl+NfxVdxPtdHvmNVOQ6XSYG4AUtyt/Fi7D16Q==",
      "requires": {
        "ansi-styles": "^4.0.0",
        "string-width": "^4.1.0",
        "strip-ansi": "^6.0.0"
      }
    },
    "y18n": {
      "version": "5.0.8",
      "resolved": "https://registry.npmjs.org/y18n/-/y18n-5.0.8.tgz",
      "integrity": "sha512-0pfFzegeDWJHJIAmTLRP2DwHjdF5s7jo9tuztdQxAhINCdvS+3nGINqPd00AphqJR/0LhANUS6/+7SCb98YOfA=="
    },
    "yargs": {
      "version": "17.2.1",
      "resolved": "https://registry.npmjs.org/yargs/-/yargs-17.2.1.tgz",
      "integrity": "sha512-XfR8du6ua4K6uLGm5S6fA+FIJom/MdJcFNVY8geLlp2v8GYbOXD4EB1tPNZsRn4vBzKGMgb5DRZMeWuFc2GO8Q==",
      "requires": {
        "cliui": "^7.0.2",
        "escalade": "^3.1.1",
        "get-caller-file": "^2.0.5",
        "require-directory": "^2.1.1",
        "string-width": "^4.2.0",
        "y18n": "^5.0.5",
        "yargs-parser": "^20.2.2"
      }
    },
    "yargs-parser": {
      "version": "20.2.9",
      "resolved": "https://registry.npmjs.org/yargs-parser/-/yargs-parser-20.2.9.tgz",
      "integrity": "sha512-y11nGElTIV+CT3Zv9t7VKl+Q3hTQoT9a1Qzezhhl6Rp21gJ/IVTW7Z3y9EWXhuUBC2Shnf+DX0antecpAwSP8w=="
    }
  }
}
